
Microsoft Visual Studio Solution File, Format Version 12.00
# Visual Studio Version 17
VisualStudioVersion = 17.4.33122.133
MinimumVisualStudioVersion = 10.0.40219.1
Project("{9A19103F-16F7-4668-BE54-9A1E7A4F7556}") = "TodoApi", "TodoApi.csproj", "{DAD62714-A344-422D-86F6-A36C2DEA1BB2}"
EndProject
Global
	GlobalSection(SolutionConfigurationPlatforms) = preSolution
		Debug|Any CPU = Debug|Any CPU
		Release|Any CPU = Release|Any CPU
	EndGlobalSection
	GlobalSection(ProjectConfigurationPlatforms) = postSolution
		{DAD62714-A344-422D-86F6-A36C2DEA1BB2}.Debug|Any CPU.ActiveCfg = Debug|Any CPU
		{DAD62714-A344-422D-86F6-A36C2DEA1BB2}.Debug|Any CPU.Build.0 = Debug|Any CPU
		{DAD62714-A344-422D-86F6-A36C2DEA1BB2}.Release|Any CPU.ActiveCfg = Release|Any CPU
		{DAD62714-A344-422D-86F6-A36C2DEA1BB2}.Release|Any CPU.Build.0 = Release|Any CPU
	EndGlobalSection
	GlobalSection(SolutionProperties) = preSolution
		HideSolutionNode = FALSE
	EndGlobalSection
	GlobalSection(ExtensibilityGlobals) = postSolution
		SolutionGuid = {B1FA9E22-4630-40A5-9DE8-A4489496BDFE}
	EndGlobalSection
EndGlobal
